
Microsoft Visual Studio Solution File, Format Version 12.00
# Visual Studio 2012
Project("{FAE04EC0-301F-11D3-BF4B-00C04F79EFBC}") = "ApolinarSanchez", "ApolinarSanchez\ApolinarSanchez.csproj", "{6F740E06-278B-449C-BE68-107136B1155A}"
EndProject
Global
	GlobalSection(SolutionConfigurationPlatforms) = preSolution
		Debug|Any CPU = Debug|Any CPU
		Release|Any CPU = Release|Any CPU
	EndGlobalSection
	GlobalSection(ProjectConfigurationPlatforms) = postSolution
		{6F740E06-278B-449C-BE68-107136B1155A}.Debug|Any CPU.ActiveCfg = Debug|Any CPU
		{6F740E06-278B-449C-BE68-107136B1155A}.Debug|Any CPU.Build.0 = Debug|Any CPU
		{6F740E06-278B-449C-BE68-107136B1155A}.Release|Any CPU.ActiveCfg = Release|Any CPU
		{6F740E06-278B-449C-BE68-107136B1155A}.Release|Any CPU.Build.0 = Release|Any CPU
	EndGlobalSection
	GlobalSection(SolutionProperties) = preSolution
		HideSolutionNode = FALSE
	EndGlobalSection
	GlobalSection(ExtensibilityGlobals) = postSolution
		SolutionGuid = {BEF49A21-204C-4E26-8BAE-8A048E133C01}
	EndGlobalSection
EndGlobal
